
Microsoft Visual Studio Solution File, Format Version 9.00
# Visual Studio 2005
Project("{FAE04EC0-301F-11D3-BF4B-00C04F79EFBC}") = "FTPUploadScheduler", "FTPUploadScheduler\FTPUploadScheduler.csproj", "{223CC4A9-BB4C-4B37-8D77-8FD15C010E62}"
	ProjectSection(WebsiteProperties) = preProject
		Debug.AspNetCompiler.Debug = "True"
		Release.AspNetCompiler.Debug = "False"
	EndProjectSection
EndProject
Global
	GlobalSection(SolutionConfigurationPlatforms) = preSolution
		Debug|Any CPU = Debug|Any CPU
		Release|Any CPU = Release|Any CPU
	EndGlobalSection
	GlobalSection(ProjectConfigurationPlatforms) = postSolution
		{223CC4A9-BB4C-4B37-8D77-8FD15C010E62}.Debug|Any CPU.ActiveCfg = Debug|Any CPU
		{223CC4A9-BB4C-4B37-8D77-8FD15C010E62}.Debug|Any CPU.Build.0 = Debug|Any CPU
		{223CC4A9-BB4C-4B37-8D77-8FD15C010E62}.Release|Any CPU.ActiveCfg = Release|Any CPU
		{223CC4A9-BB4C-4B37-8D77-8FD15C010E62}.Release|Any CPU.Build.0 = Release|Any CPU
	EndGlobalSection
	GlobalSection(SolutionProperties) = preSolution
		HideSolutionNode = FALSE
	EndGlobalSection
EndGlobal
